// !$*UTF8*$!
{
	archiveVersion = 1;
	classes = {
	};
	objectVersion = 50;
	objects = {

/* Begin PBXBuildFile section */
		20F3448A22D245F6003D7C05 /* AppDelegate.m in Sources */ = {isa = PBXBuildFile; fileRef = 20F3448922D245F6003D7C05 /* AppDelegate.m */; };
		20F3448D22D245F6003D7C05 /* ViewController.m in Sources */ = {isa = PBXBuildFile; fileRef = 20F3448C22D245F6003D7C05 /* ViewController.m */; };
		20F3449022D245F6003D7C05 /* Main.storyboard in Resources */ = {isa = PBXBuildFile; fileRef = 20F3448E22D245F6003D7C05 /* Main.storyboard */; };
		20F3449222D245F7003D7C05 /* Assets.xcassets in Resources */ = {isa = PBXBuildFile; fileRef = 20F3449122D245F7003D7C05 /* Assets.xcassets */; };
		20F3449522D245F7003D7C05 /* LaunchScreen.storyboard in Resources */ = {isa = PBXBuildFile; fileRef = 20F3449322D245F7003D7C05 /* LaunchScreen.storyboard */; };
		20F3449822D245F7003D7C05 /* main.m in Sources */ = {isa = PBXBuildFile; fileRef = 20F3449722D245F7003D7C05 /* main.m */; };
		20F344A222D245F7003D7C05 /* Tutorial02Tests.m in Sources */ = {isa = PBXBuildFile; fileRef = 20F344A122D245F7003D7C05 /* Tutorial02Tests.m */; };
		20F344AD22D245F7003D7C05 /* Tutorial02UITests.m in Sources */ = {isa = PBXBuildFile; fileRef = 20F344AC22D245F7003D7C05 /* Tutorial02UITests.m */; };
		20F344BC22D24604003D7C05 /* OpenGLView.m in Sources */ = {isa = PBXBuildFile; fileRef = 20F344BB22D24604003D7C05 /* OpenGLView.m */; };
		20F344C022D24651003D7C05 /* OpenGLUtils.m in Sources */ = {isa = PBXBuildFile; fileRef = 20F344BE22D24651003D7C05 /* OpenGLUtils.m */; };
		20F344C222D24677003D7C05 /* VertexFile.glsl in Resources */ = {isa = PBXBuildFile; fileRef = 20F344C122D24677003D7C05 /* VertexFile.glsl */; };
		20F344C422D24685003D7C05 /* FragmentFile.glsl in Resources */ = {isa = PBXBuildFile; fileRef = 20F344C322D24685003D7C05 /* FragmentFile.glsl */; };
/* End PBXBuildFile section */

/* Begin PBXContainerItemProxy section */
		20F3449E22D245F7003D7C05 /* PBXContainerItemProxy */ = {
			isa = PBXContainerItemProxy;
			containerPortal = 20F3447D22D245F6003D7C05 /* Project object */;
			proxyType = 1;
			remoteGlobalIDString = 20F3448422D245F6003D7C05;
			remoteInfo = Tutorial02;
		};
		20F344A922D245F7003D7C05 /* PBXContainerItemProxy */ = {
			isa = PBXContainerItemProxy;
			containerPortal = 20F3447D22D245F6003D7C05 /* Project object */;
			proxyType = 1;
			remoteGlobalIDString = 20F3448422D245F6003D7C05;
			remoteInfo = Tutorial02;
		};
/* End PBXContainerItemProxy section */

/* Begin PBXFileReference section */
		20F3448522D245F6003D7C05 /* Tutorial02.app */ = {isa = PBXFileReference; explicitFileType = wrapper.application; includeInIndex = 0; path = Tutorial02.app; sourceTree = BUILT_PRODUCTS_DIR; };
		20F3448822D245F6003D7C05 /* AppDelegate.h */ = {isa = PBXFileReference; lastKnownFileType = sourcecode.c.h; path = AppDelegate.h; sourceTree = "<group>"; };
		20F3448922D245F6003D7C05 /* AppDelegate.m */ = {isa = PBXFileReference; lastKnownFileType = sourcecode.c.objc; path = AppDelegate.m; sourceTree = "<group>"; };
		20F3448B22D245F6003D7C05 /* ViewController.h */ = {isa = PBXFileReference; lastKnownFileType = sourcecode.c.h; path = ViewController.h; sourceTree = "<group>"; };
		20F3448C22D245F6003D7C05 /* ViewController.m */ = {isa = PBXFileReference; lastKnownFileType = sourcecode.c.objc; path = ViewController.m; sourceTree = "<group>"; };
		20F3448F22D245F6003D7C05 /* Base */ = {isa = PBXFileReference; lastKnownFileType = file.storyboard; name = Base; path = Base.lproj/Main.storyboard; sourceTree = "<group>"; };
		20F3449122D245F7003D7C05 /* Assets.xcassets */ = {isa = PBXFileReference; lastKnownFileType = folder.assetcatalog; path = Assets.xcassets; sourceTree = "<group>"; };
		20F3449422D245F7003D7C05 /* Base */ = {isa = PBXFileReference; lastKnownFileType = file.storyboard; name = Base; path = Base.lproj/LaunchScreen.storyboard; sourceTree = "<group>"; };
		20F3449622D245F7003D7C05 /* Info.plist */ = {isa = PBXFileReference; lastKnownFileType = text.plist.xml; path = Info.plist; sourceTree = "<group>"; };
		20F3449722D245F7003D7C05 /* main.m */ = {isa = PBXFileReference; lastKnownFileType = sourcecode.c.objc; path = main.m; sourceTree = "<group>"; };
		20F3449D22D245F7003D7C05 /* Tutorial02Tests.xctest */ = {isa = PBXFileReference; explicitFileType = wrapper.cfbundle; includeInIndex = 0; path = Tutorial02Tests.xctest; sourceTree = BUILT_PRODUCTS_DIR; };
		20F344A122D245F7003D7C05 /* Tutorial02Tests.m */ = {isa = PBXFileReference; lastKnownFileType = sourcecode.c.objc; path = Tutorial02Tests.m; sourceTree = "<group>"; };
		20F344A322D245F7003D7C05 /* Info.plist */ = {isa = PBXFileReference; lastKnownFileType = text.plist.xml; path = Info.plist; sourceTree = "<group>"; };
		20F344A822D245F7003D7C05 /* Tutorial02UITests.xctest */ = {isa = PBXFileReference; explicitFileType = wrapper.cfbundle; includeInIndex = 0; path = Tutorial02UITests.xctest; sourceTree = BUILT_PRODUCTS_DIR; };
		20F344AC22D245F7003D7C05 /* Tutorial02UITests.m */ = {isa = PBXFileReference; lastKnownFileType = sourcecode.c.objc; path = Tutorial02UITests.m; sourceTree = "<group>"; };
		20F344AE22D245F7003D7C05 /* Info.plist */ = {isa = PBXFileReference; lastKnownFileType = text.plist.xml; path = Info.plist; sourceTree = "<group>"; };
		20F344BA22D24604003D7C05 /* OpenGLView.h */ = {isa = PBXFileReference; lastKnownFileType = sourcecode.c.h; path = OpenGLView.h; sourceTree = "<group>"; };
		20F344BB22D24604003D7C05 /* OpenGLView.m */ = {isa = PBXFileReference; lastKnownFileType = sourcecode.c.objc; path = OpenGLView.m; sourceTree = "<group>"; };
		20F344BE22D24651003D7C05 /* OpenGLUtils.m */ = {isa = PBXFileReference; fileEncoding = 4; lastKnownFileType = sourcecode.c.objc; path = OpenGLUtils.m; sourceTree = "<group>"; };
		20F344BF22D24651003D7C05 /* OpenGLUtils.h */ = {isa = PBXFileReference; fileEncoding = 4; lastKnownFileType = sourcecode.c.h; path = OpenGLUtils.h; sourceTree = "<group>"; };
		20F344C122D24677003D7C05 /* VertexFile.glsl */ = {isa = PBXFileReference; lastKnownFileType = text; path = VertexFile.glsl; sourceTree = "<group>"; };
		20F344C322D24685003D7C05 /* FragmentFile.glsl */ = {isa = PBXFileReference; lastKnownFileType = text; path = FragmentFile.glsl; sourceTree = "<group>"; };
/* End PBXFileReference section */

/* Begin PBXFrameworksBuildPhase section */
		20F3448222D245F6003D7C05 /* Frameworks */ = {
			isa = PBXFrameworksBuildPhase;
			buildActionMask = 2147483647;
			files = (
			);
			runOnlyForDeploymentPostprocessing = 0;
		};
		20F3449A22D245F7003D7C05 /* Frameworks */ = {
			isa = PBXFrameworksBuildPhase;
			buildActionMask = 2147483647;
			files = (
			);
			runOnlyForDeploymentPostprocessing = 0;
		};
		20F344A522D245F7003D7C05 /* Frameworks */ = {
			isa = PBXFrameworksBuildPhase;
			buildActionMask = 2147483647;
			files = (
			);
			runOnlyForDeploymentPostprocessing = 0;
		};
/* End PBXFrameworksBuildPhase section */

/* Begin PBXGroup section */
		20F3447C22D245F6003D7C05 = {
			isa = PBXGroup;
			children = (
				20F3448722D245F6003D7C05 /* Tutorial02 */,
				20F344A022D245F7003D7C05 /* Tutorial02Tests */,
				20F344AB22D245F7003D7C05 /* Tutorial02UITests */,
				20F3448622D245F6003D7C05 /* Products */,
			);
			sourceTree = "<group>";
		};
		20F3448622D245F6003D7C05 /* Products */ = {
			isa = PBXGroup;
			children = (
				20F3448522D245F6003D7C05 /* Tutorial02.app */,
				20F3449D22D245F7003D7C05 /* Tutorial02Tests.xctest */,
				20F344A822D245F7003D7C05 /* Tutorial02UITests.xctest */,
			);
			name = Products;
			sourceTree = "<group>";
		};
		20F3448722D245F6003D7C05 /* Tutorial02 */ = {
			isa = PBXGroup;
			children = (
				20F344BD22D24651003D7C05 /* Utils */,
				20F3448822D245F6003D7C05 /* AppDelegate.h */,
				20F3448922D245F6003D7C05 /* AppDelegate.m */,
				20F3448B22D245F6003D7C05 /* ViewController.h */,
				20F3448C22D245F6003D7C05 /* ViewController.m */,
				20F344BA22D24604003D7C05 /* OpenGLView.h */,
				20F344BB22D24604003D7C05 /* OpenGLView.m */,
				20F344C122D24677003D7C05 /* VertexFile.glsl */,
				20F344C322D24685003D7C05 /* FragmentFile.glsl */,
				20F3448E22D245F6003D7C05 /* Main.storyboard */,
				20F3449122D245F7003D7C05 /* Assets.xcassets */,
				20F3449322D245F7003D7C05 /* LaunchScreen.storyboard */,
				20F3449622D245F7003D7C05 /* Info.plist */,
				20F3449722D245F7003D7C05 /* main.m */,
			);
			path = Tutorial02;
			sourceTree = "<group>";
		};
		20F344A022D245F7003D7C05 /* Tutorial02Tests */ = {
			isa = PBXGroup;
			children = (
				20F344A122D245F7003D7C05 /* Tutorial02Tests.m */,
				20F344A322D245F7003D7C05 /* Info.plist */,
			);
			path = Tutorial02Tests;
			sourceTree = "<group>";
		};
		20F344AB22D245F7003D7C05 /* Tutorial02UITests */ = {
			isa = PBXGroup;
			children = (
				20F344AC22D245F7003D7C05 /* Tutorial02UITests.m */,
				20F344AE22D245F7003D7C05 /* Info.plist */,
			);
			path = Tutorial02UITests;
			sourceTree = "<group>";
		};
		20F344BD22D24651003D7C05 /* Utils */ = {
			isa = PBXGroup;
			children = (
				20F344BE22D24651003D7C05 /* OpenGLUtils.m */,
				20F344BF22D24651003D7C05 /* OpenGLUtils.h */,
			);
			path = Utils;
			sourceTree = "<group>";
		};
/* End PBXGroup section */

/* Begin PBXNativeTarget section */
		20F3448422D245F6003D7C05 /* Tutorial02 */ = {
			isa = PBXNativeTarget;
			buildConfigurationList = 20F344B122D245F7003D7C05 /* Build configuration list for PBXNativeTarget "Tutorial02" */;
			buildPhases = (
				20F3448122D245F6003D7C05 /* Sources */,
				20F3448222D245F6003D7C05 /* Frameworks */,
				20F3448322D245F6003D7C05 /* Resources */,
			);
			buildRules = (
			);
			dependencies = (
			);
			name = Tutorial02;
			productName = Tutorial02;
			productReference = 20F3448522D245F6003D7C05 /* Tutorial02.app */;
			productType = "com.apple.product-type.application";
		};
		20F3449C22D245F7003D7C05 /* Tutorial02Tests */ = {
			isa = PBXNativeTarget;
			buildConfigurationList = 20F344B422D245F7003D7C05 /* Build configuration list for PBXNativeTarget "Tutorial02Tests" */;
			buildPhases = (
				20F3449922D245F7003D7C05 /* Sources */,
				20F3449A22D245F7003D7C05 /* Frameworks */,
				20F3449B22D245F7003D7C05 /* Resources */,
			);
			buildRules = (
			);
			dependencies = (
				20F3449F22D245F7003D7C05 /* PBXTargetDependency */,
			);
			name = Tutorial02Tests;
			productName = Tutorial02Tests;
			productReference = 20F3449D22D245F7003D7C05 /* Tutorial02Tests.xctest */;
			productType = "com.apple.product-type.bundle.unit-test";
		};
		20F344A722D245F7003D7C05 /* Tutorial02UITests */ = {
			isa = PBXNativeTarget;
			buildConfigurationList = 20F344B722D245F7003D7C05 /* Build configuration list for PBXNativeTarget "Tutorial02UITests" */;
			buildPhases = (
				20F344A422D245F7003D7C05 /* Sources */,
				20F344A522D245F7003D7C05 /* Frameworks */,
				20F344A622D245F7003D7C05 /* Resources */,
			);
			buildRules = (
			);
			dependencies = (
				20F344AA22D245F7003D7C05 /* PBXTargetDependency */,
			);
			name = Tutorial02UITests;
			productName = Tutorial02UITests;
			productReference = 20F344A822D245F7003D7C05 /* Tutorial02UITests.xctest */;
			productType = "com.apple.product-type.bundle.ui-testing";
		};
/* End PBXNativeTarget section */

/* Begin PBXProject section */
		20F3447D22D245F6003D7C05 /* Project object */ = {
			isa = PBXProject;
			attributes = {
				LastUpgradeCheck = 1020;
				ORGANIZATIONNAME = heyonly;
				TargetAttributes = {
					20F3448422D245F6003D7C05 = {
						CreatedOnToolsVersion = 10.2.1;
					};
					20F3449C22D245F7003D7C05 = {
						CreatedOnToolsVersion = 10.2.1;
						TestTargetID = 20F3448422D245F6003D7C05;
					};
					20F344A722D245F7003D7C05 = {
						CreatedOnToolsVersion = 10.2.1;
						TestTargetID = 20F3448422D245F6003D7C05;
					};
				};
			};
			buildConfigurationList = 20F3448022D245F6003D7C05 /* Build configuration list for PBXProject "Tutorial02" */;
			compatibilityVersion = "Xcode 9.3";
			developmentRegion = en;
			hasScannedForEncodings = 0;
			knownRegions = (
				en,
				Base,
			);
			mainGroup = 20F3447C22D245F6003D7C05;
			productRefGroup = 20F3448622D245F6003D7C05 /* Products */;
			projectDirPath = "";
			projectRoot = "";
			targets = (
				20F3448422D245F6003D7C05 /* Tutorial02 */,
				20F3449C22D245F7003D7C05 /* Tutorial02Tests */,
				20F344A722D245F7003D7C05 /* Tutorial02UITests */,
			);
		};
/* End PBXProject section */

/* Begin PBXResourcesBuildPhase section */
		20F3448322D245F6003D7C05 /* Resources */ = {
			isa = PBXResourcesBuildPhase;
			buildActionMask = 2147483647;
			files = (
				20F3449522D245F7003D7C05 /* LaunchScreen.storyboard in Resources */,
				20F344C222D24677003D7C05 /* VertexFile.glsl in Resources */,
				20F344C422D24685003D7C05 /* FragmentFile.glsl in Resources */,
				20F3449222D245F7003D7C05 /* Assets.xcassets in Resources */,
				20F3449022D245F6003D7C05 /* Main.storyboard in Resources */,
			);
			runOnlyForDeploymentPostprocessing = 0;
		};
		20F3449B22D245F7003D7C05 /* Resources */ = {
			isa = PBXResourcesBuildPhase;
			buildActionMask = 2147483647;
			files = (
			);
			runOnlyForDeploymentPostprocessing = 0;
		};
		20F344A622D245F7003D7C05 /* Resources */ = {
			isa = PBXResourcesBuildPhase;
			buildActionMask = 2147483647;
			files = (
			);
			runOnlyForDeploymentPostprocessing = 0;
		};
/* End PBXResourcesBuildPhase section */

/* Begin PBXSourcesBuildPhase section */
		20F3448122D245F6003D7C05 /* Sources */ = {
			isa = PBXSourcesBuildPhase;
			buildActionMask = 2147483647;
			files = (
				20F344C022D24651003D7C05 /* OpenGLUtils.m in Sources */,
				20F3448D22D245F6003D7C05 /* ViewController.m in Sources */,
				20F3449822D245F7003D7C05 /* main.m in Sources */,
				20F3448A22D245F6003D7C05 /* AppDelegate.m in Sources */,
				20F344BC22D24604003D7C05 /* OpenGLView.m in Sources */,
			);
			runOnlyForDeploymentPostprocessing = 0;
		};
		20F3449922D245F7003D7C05 /* Sources */ = {
			isa = PBXSourcesBuildPhase;
			buildActionMask = 2147483647;
			files = (
				20F344A222D245F7003D7C05 /* Tutorial02Tests.m in Sources */,
			);
			runOnlyForDeploymentPostprocessing = 0;
		};
		20F344A422D245F7003D7C05 /* Sources */ = {
			isa = PBXSourcesBuildPhase;
			buildActionMask = 2147483647;
			files = (
				20F344AD22D245F7003D7C05 /* Tutorial02UITests.m in Sources */,
			);
			runOnlyForDeploymentPostprocessing = 0;
		};
/* End PBXSourcesBuildPhase section */

/* Begin PBXTargetDependency section */
		20F3449F22D245F7003D7C05 /* PBXTargetDependency */ = {
			isa = PBXTargetDependency;
			target = 20F3448422D245F6003D7C05 /* Tutorial02 */;
			targetProxy = 20F3449E22D245F7003D7C05 /* PBXContainerItemProxy */;
		};
		20F344AA22D245F7003D7C05 /* PBXTargetDependency */ = {
			isa = PBXTargetDependency;
			target = 20F3448422D245F6003D7C05 /* Tutorial02 */;
			targetProxy = 20F344A922D245F7003D7C05 /* PBXContainerItemProxy */;
		};
/* End PBXTargetDependency section */

/* Begin PBXVariantGroup section */
		20F3448E22D245F6003D7C05 /* Main.storyboard */ = {
			isa = PBXVariantGroup;
			children = (
				20F3448F22D245F6003D7C05 /* Base */,
			);
			name = Main.storyboard;
			sourceTree = "<group>";
		};
		20F3449322D245F7003D7C05 /* LaunchScreen.storyboard */ = {
			isa = PBXVariantGroup;
			children = (
				20F3449422D245F7003D7C05 /* Base */,
			);
			name = LaunchScreen.storyboard;
			sourceTree = "<group>";
		};
/* End PBXVariantGroup section */

/* Begin XCBuildConfiguration section */
		20F344AF22D245F7003D7C05 /* Debug */ = {
			isa = XCBuildConfiguration;
			buildSettings = {
				ALWAYS_SEARCH_USER_PATHS = NO;
				CLANG_ANALYZER_NONNULL = YES;
				CLANG_ANALYZER_NUMBER_OBJECT_CONVERSION = YES_AGGRESSIVE;
				CLANG_CXX_LANGUAGE_STANDARD = "gnu++14";
				CLANG_CXX_LIBRARY = "libc++";
				CLANG_ENABLE_MODULES = YES;
				CLANG_ENABLE_OBJC_ARC = YES;
				CLANG_ENABLE_OBJC_WEAK = YES;
				CLANG_WARN_BLOCK_CAPTURE_AUTORELEASING = YES;
				CLANG_WARN_BOOL_CONVERSION = YES;
				CLANG_WARN_COMMA = YES;
				CLANG_WARN_CONSTANT_CONVERSION = YES;
				CLANG_WARN_DEPRECATED_OBJC_IMPLEMENTATIONS = YES;
				CLANG_WARN_DIRECT_OBJC_ISA_USAGE = YES_ERROR;
				CLANG_WARN_DOCUMENTATION_COMMENTS = YES;
				CLANG_WARN_EMPTY_BODY = YES;
				CLANG_WARN_ENUM_CONVERSION = YES;
				CLANG_WARN_INFINITE_RECURSION = YES;
				CLANG_WARN_INT_CONVERSION = YES;
				CLANG_WARN_NON_LITERAL_NULL_CONVERSION = YES;
				CLANG_WARN_OBJC_IMPLICIT_RETAIN_SELF = YES;
				CLANG_WARN_OBJC_LITERAL_CONVERSION = YES;
				CLANG_WARN_OBJC_ROOT_CLASS = YES_ERROR;
				CLANG_WARN_RANGE_LOOP_ANALYSIS = YES;
				CLANG_WARN_STRICT_PROTOTYPES = YES;
				CLANG_WARN_SUSPICIOUS_MOVE = YES;
				CLANG_WARN_UNGUARDED_AVAILABILITY = YES_AGGRESSIVE;
				CLANG_WARN_UNREACHABLE_CODE = YES;
				CLANG_WARN__DUPLICATE_METHOD_MATCH = YES;
				CODE_SIGN_IDENTITY = "iPhone Developer";
				COPY_PHASE_STRIP = NO;
				DEBUG_INFORMATION_FORMAT = dwarf;
				ENABLE_STRICT_OBJC_MSGSEND = YES;
				ENABLE_TESTABILITY = YES;
				GCC_C_LANGUAGE_STANDARD = gnu11;
				GCC_DYNAMIC_NO_PIC = NO;
				GCC_NO_COMMON_BLOCKS = YES;
				GCC_OPTIMIZATION_LEVEL = 0;
				GCC_PREPROCESSOR_DEFINITIONS = (
					"DEBUG=1",
					"$(inherited)",
				);
				GCC_WARN_64_TO_32_BIT_CONVERSION = YES;
				GCC_WARN_ABOUT_RETURN_TYPE = YES_ERROR;
				GCC_WARN_UNDECLARED_SELECTOR = YES;
				GCC_WARN_UNINITIALIZED_AUTOS = YES_AGGRESSIVE;
				GCC_WARN_UNUSED_FUNCTION = YES;
				GCC_WARN_UNUSED_VARIABLE = YES;
				IPHONEOS_DEPLOYMENT_TARGET = 12.2;
				MTL_ENABLE_DEBUG_INFO = INCLUDE_SOURCE;
				MTL_FAST_MATH = YES;
				ONLY_ACTIVE_ARCH = YES;
				SDKROOT = iphoneos;
			};
			name = Debug;
		};
		20F344B022D245F7003D7C05 /* Release */ = {
			isa = XCBuildConfiguration;
			buildSettings = {
				ALWAYS_SEARCH_USER_PATHS = NO;
				CLANG_ANALYZER_NONNULL = YES;
				CLANG_ANALYZER_NUMBER_OBJECT_CONVERSION = YES_AGGRESSIVE;
				CLANG_CXX_LANGUAGE_STANDARD = "gnu++14";
				CLANG_CXX_LIBRARY = "libc++";
				CLANG_ENABLE_MODULES = YES;
				CLANG_ENABLE_OBJC_ARC = YES;
				CLANG_ENABLE_OBJC_WEAK = YES;
				CLANG_WARN_BLOCK_CAPTURE_AUTORELEASING = YES;
				CLANG_WARN_BOOL_CONVERSION = YES;
				CLANG_WARN_COMMA = YES;
				CLANG_WARN_CONSTANT_CONVERSION = YES;
				CLANG_WARN_DEPRECATED_OBJC_IMPLEMENTATIONS = YES;
				CLANG_WARN_DIRECT_OBJC_ISA_USAGE = YES_ERROR;
				CLANG_WARN_DOCUMENTATION_COMMENTS = YES;
				CLANG_WARN_EMPTY_BODY = YES;
				CLANG_WARN_ENUM_CONVERSION = YES;
				CLANG_WARN_INFINITE_RECURSION = YES;
				CLANG_WARN_INT_CONVERSION = YES;
				CLANG_WARN_NON_LITERAL_NULL_CONVERSION = YES;
				CLANG_WARN_OBJC_IMPLICIT_RETAIN_SELF = YES;
				CLANG_WARN_OBJC_LITERAL_CONVERSION = YES;
				CLANG_WARN_OBJC_ROOT_CLASS = YES_ERROR;
				CLANG_WARN_RANGE_LOOP_ANALYSIS = YES;
				CLANG_WARN_STRICT_PROTOTYPES = YES;
				CLANG_WARN_SUSPICIOUS_MOVE = YES;
				CLANG_WARN_UNGUARDED_AVAILABILITY = YES_AGGRESSIVE;
				CLANG_WARN_UNREACHABLE_CODE = YES;
				CLANG_WARN__DUPLICATE_METHOD_MATCH = YES;
				CODE_SIGN_IDENTITY = "iPhone Developer";
				COPY_PHASE_STRIP = NO;
				DEBUG_INFORMATION_FORMAT = "dwarf-with-dsym";
				ENABLE_NS_ASSERTIONS = NO;
				ENABLE_STRICT_OBJC_MSGSEND = YES;
				GCC_C_LANGUAGE_STANDARD = gnu11;
				GCC_NO_COMMON_BLOCKS = YES;
				GCC_WARN_64_TO_32_BIT_CONVERSION = YES;
				GCC_WARN_ABOUT_RETURN_TYPE = YES_ERROR;
				GCC_WARN_UNDECLARED_SELECTOR = YES;
				GCC_WARN_UNINITIALIZED_AUTOS = YES_AGGRESSIVE;
				GCC_WARN_UNUSED_FUNCTION = YES;
				GCC_WARN_UNUSED_VARIABLE = YES;
				IPHONEOS_DEPLOYMENT_TARGET = 12.2;
				MTL_ENABLE_DEBUG_INFO = NO;
				MTL_FAST_MATH = YES;
				SDKROOT = iphoneos;
				VALIDATE_PRODUCT = YES;
			};
			name = Release;
		};
		20F344B222D245F7003D7C05 /* Debug */ = {
			isa = XCBuildConfiguration;
			buildSettings = {
				ASSETCATALOG_COMPILER_APPICON_NAME = AppIcon;
				CODE_SIGN_STYLE = Automatic;
				DEVELOPMENT_TEAM = 56MY3ZN5V7;
				INFOPLIST_FILE = Tutorial02/Info.plist;
				IPHONEOS_DEPLOYMENT_TARGET = 10.0;
				LD_RUNPATH_SEARCH_PATHS = (
					"$(inherited)",
					"@executable_path/Frameworks",
				);
				PRODUCT_BUNDLE_IDENTIFIER = com.uusafe.Tutorial02;
				PRODUCT_NAME = "$(TARGET_NAME)";
				TARGETED_DEVICE_FAMILY = "1,2";
			};
			name = Debug;
		};
		20F344B322D245F7003D7C05 /* Release */ = {
			isa = XCBuildConfiguration;
			buildSettings = {
				ASSETCATALOG_COMPILER_APPICON_NAME = AppIcon;
				CODE_SIGN_STYLE = Automatic;
				DEVELOPMENT_TEAM = 56MY3ZN5V7;
				INFOPLIST_FILE = Tutorial02/Info.plist;
				IPHONEOS_DEPLOYMENT_TARGET = 10.0;
				LD_RUNPATH_SEARCH_PATHS = (
					"$(inherited)",
					"@executable_path/Frameworks",
				);
				PRODUCT_BUNDLE_IDENTIFIER = com.uusafe.Tutorial02;
				PRODUCT_NAME = "$(TARGET_NAME)";
				TARGETED_DEVICE_FAMILY = "1,2";
			};
			name = Release;
		};
		20F344B522D245F7003D7C05 /* Debug */ = {
			isa = XCBuildConfiguration;
			buildSettings = {
				BUNDLE_LOADER = "$(TEST_HOST)";
				CODE_SIGN_STYLE = Automatic;
				DEVELOPMENT_TEAM = 56MY3ZN5V7;
				INFOPLIST_FILE = Tutorial02Tests/Info.plist;
				LD_RUNPATH_SEARCH_PATHS = (
					"$(inherited)",
					"@executable_path/Frameworks",
					"@loader_path/Frameworks",
				);
				PRODUCT_BUNDLE_IDENTIFIER = com.uusafe.Tutorial02Tests;
				PRODUCT_NAME = "$(TARGET_NAME)";
				TARGETED_DEVICE_FAMILY = "1,2";
				TEST_HOST = "$(BUILT_PRODUCTS_DIR)/Tutorial02.app/Tutorial02";
			};
			name = Debug;
		};
		20F344B622D245F7003D7C05 /* Release */ = {
			isa = XCBuildConfiguration;
			buildSettings = {
				BUNDLE_LOADER = "$(TEST_HOST)";
				CODE_SIGN_STYLE = Automatic;
				DEVELOPMENT_TEAM = 56MY3ZN5V7;
				INFOPLIST_FILE = Tutorial02Tests/Info.plist;
				LD_RUNPATH_SEARCH_PATHS = (
					"$(inherited)",
					"@executable_path/Frameworks",
					"@loader_path/Frameworks",
				);
				PRODUCT_BUNDLE_IDENTIFIER = com.uusafe.Tutorial02Tests;
				PRODUCT_NAME = "$(TARGET_NAME)";
				TARGETED_DEVICE_FAMILY = "1,2";
				TEST_HOST = "$(BUILT_PRODUCTS_DIR)/Tutorial02.app/Tutorial02";
			};
			name = Release;
		};
		20F344B822D245F7003D7C05 /* Debug */ = {
			isa = XCBuildConfiguration;
			buildSettings = {
				CODE_SIGN_STYLE = Automatic;
				DEVELOPMENT_TEAM = 56MY3ZN5V7;
				INFOPLIST_FILE = Tutorial02UITests/Info.plist;
				LD_RUNPATH_SEARCH_PATHS = (
					"$(inherited)",
					"@executable_path/Frameworks",
					"@loader_path/Frameworks",
				);
				PRODUCT_BUNDLE_IDENTIFIER = com.uusafe.Tutorial02UITests;
				PRODUCT_NAME = "$(TARGET_NAME)";
				TARGETED_DEVICE_FAMILY = "1,2";
				TEST_TARGET_NAME = Tutorial02;
			};
			name = Debug;
		};
		20F344B922D245F7003D7C05 /* Release */ = {
			isa = XCBuildConfiguration;
			buildSettings = {
				CODE_SIGN_STYLE = Automatic;
				DEVELOPMENT_TEAM = 56MY3ZN5V7;
				INFOPLIST_FILE = Tutorial02UITests/Info.plist;
				LD_RUNPATH_SEARCH_PATHS = (
					"$(inherited)",
					"@executable_path/Frameworks",
					"@loader_path/Frameworks",
				);
				PRODUCT_BUNDLE_IDENTIFIER = com.uusafe.Tutorial02UITests;
				PRODUCT_NAME = "$(TARGET_NAME)";
				TARGETED_DEVICE_FAMILY = "1,2";
				TEST_TARGET_NAME = Tutorial02;
			};
			name = Release;
		};
/* End XCBuildConfiguration section */

/* Begin XCConfigurationList section */
		20F3448022D245F6003D7C05 /* Build configuration list for PBXProject "Tutorial02" */ = {
			isa = XCConfigurationList;
			buildConfigurations = (
				20F344AF22D245F7003D7C05 /* Debug */,
				20F344B022D245F7003D7C05 /* Release */,
			);
			defaultConfigurationIsVisible = 0;
			defaultConfigurationName = Release;
		};
		20F344B122D245F7003D7C05 /* Build configuration list for PBXNativeTarget "Tutorial02" */ = {
			isa = XCConfigurationList;
			buildConfigurations = (
				20F344B222D245F7003D7C05 /* Debug */,
				20F344B322D245F7003D7C05 /* Release */,
			);
			defaultConfigurationIsVisible = 0;
			defaultConfigurationName = Release;
		};
		20F344B422D245F7003D7C05 /* Build configuration list for PBXNativeTarget "Tutorial02Tests" */ = {
			isa = XCConfigurationList;
			buildConfigurations = (
				20F344B522D245F7003D7C05 /* Debug */,
				20F344B622D245F7003D7C05 /* Release */,
			);
			defaultConfigurationIsVisible = 0;
			defaultConfigurationName = Release;
		};
		20F344B722D245F7003D7C05 /* Build configuration list for PBXNativeTarget "Tutorial02UITests" */ = {
			isa = XCConfigurationList;
			buildConfigurations = (
				20F344B822D245F7003D7C05 /* Debug */,
				20F344B922D245F7003D7C05 /* Release */,
			);
			defaultConfigurationIsVisible = 0;
			defaultConfigurationName = Release;
		};
/* End XCConfigurationList section */
	};
	rootObject = 20F3447D22D245F6003D7C05 /* Project object */;
}
