// !$*UTF8*$!
{
	archiveVersion = 1;
	classes = {
	};
	objectVersion = 50;
	objects = {

/* Begin PBXBuildFile section */
		2054370122D9856500E683B4 /* AppDelegate.m in Sources */ = {isa = PBXBuildFile; fileRef = 2054370022D9856500E683B4 /* AppDelegate.m */; };
		2054370422D9856500E683B4 /* ViewController.m in Sources */ = {isa = PBXBuildFile; fileRef = 2054370322D9856500E683B4 /* ViewController.m */; };
		2054370722D9856500E683B4 /* Main.storyboard in Resources */ = {isa = PBXBuildFile; fileRef = 2054370522D9856500E683B4 /* Main.storyboard */; };
		2054370922D9856600E683B4 /* Assets.xcassets in Resources */ = {isa = PBXBuildFile; fileRef = 2054370822D9856600E683B4 /* Assets.xcassets */; };
		2054370C22D9856600E683B4 /* LaunchScreen.storyboard in Resources */ = {isa = PBXBuildFile; fileRef = 2054370A22D9856600E683B4 /* LaunchScreen.storyboard */; };
		2054370F22D9856600E683B4 /* main.m in Sources */ = {isa = PBXBuildFile; fileRef = 2054370E22D9856600E683B4 /* main.m */; };
		2054371922D9856600E683B4 /* Toturial05Tests.m in Sources */ = {isa = PBXBuildFile; fileRef = 2054371822D9856600E683B4 /* Toturial05Tests.m */; };
		2054372422D9856600E683B4 /* Toturial05UITests.m in Sources */ = {isa = PBXBuildFile; fileRef = 2054372322D9856600E683B4 /* Toturial05UITests.m */; };
/* End PBXBuildFile section */

/* Begin PBXContainerItemProxy section */
		2054371522D9856600E683B4 /* PBXContainerItemProxy */ = {
			isa = PBXContainerItemProxy;
			containerPortal = 205436F422D9856500E683B4 /* Project object */;
			proxyType = 1;
			remoteGlobalIDString = 205436FB22D9856500E683B4;
			remoteInfo = Toturial05;
		};
		2054372022D9856600E683B4 /* PBXContainerItemProxy */ = {
			isa = PBXContainerItemProxy;
			containerPortal = 205436F422D9856500E683B4 /* Project object */;
			proxyType = 1;
			remoteGlobalIDString = 205436FB22D9856500E683B4;
			remoteInfo = Toturial05;
		};
/* End PBXContainerItemProxy section */

/* Begin PBXFileReference section */
		205436FC22D9856500E683B4 /* Toturial05.app */ = {isa = PBXFileReference; explicitFileType = wrapper.application; includeInIndex = 0; path = Toturial05.app; sourceTree = BUILT_PRODUCTS_DIR; };
		205436FF22D9856500E683B4 /* AppDelegate.h */ = {isa = PBXFileReference; lastKnownFileType = sourcecode.c.h; path = AppDelegate.h; sourceTree = "<group>"; };
		2054370022D9856500E683B4 /* AppDelegate.m */ = {isa = PBXFileReference; lastKnownFileType = sourcecode.c.objc; path = AppDelegate.m; sourceTree = "<group>"; };
		2054370222D9856500E683B4 /* ViewController.h */ = {isa = PBXFileReference; lastKnownFileType = sourcecode.c.h; path = ViewController.h; sourceTree = "<group>"; };
		2054370322D9856500E683B4 /* ViewController.m */ = {isa = PBXFileReference; lastKnownFileType = sourcecode.c.objc; path = ViewController.m; sourceTree = "<group>"; };
		2054370622D9856500E683B4 /* Base */ = {isa = PBXFileReference; lastKnownFileType = file.storyboard; name = Base; path = Base.lproj/Main.storyboard; sourceTree = "<group>"; };
		2054370822D9856600E683B4 /* Assets.xcassets */ = {isa = PBXFileReference; lastKnownFileType = folder.assetcatalog; path = Assets.xcassets; sourceTree = "<group>"; };
		2054370B22D9856600E683B4 /* Base */ = {isa = PBXFileReference; lastKnownFileType = file.storyboard; name = Base; path = Base.lproj/LaunchScreen.storyboard; sourceTree = "<group>"; };
		2054370D22D9856600E683B4 /* Info.plist */ = {isa = PBXFileReference; lastKnownFileType = text.plist.xml; path = Info.plist; sourceTree = "<group>"; };
		2054370E22D9856600E683B4 /* main.m */ = {isa = PBXFileReference; lastKnownFileType = sourcecode.c.objc; path = main.m; sourceTree = "<group>"; };
		2054371422D9856600E683B4 /* Toturial05Tests.xctest */ = {isa = PBXFileReference; explicitFileType = wrapper.cfbundle; includeInIndex = 0; path = Toturial05Tests.xctest; sourceTree = BUILT_PRODUCTS_DIR; };
		2054371822D9856600E683B4 /* Toturial05Tests.m */ = {isa = PBXFileReference; lastKnownFileType = sourcecode.c.objc; path = Toturial05Tests.m; sourceTree = "<group>"; };
		2054371A22D9856600E683B4 /* Info.plist */ = {isa = PBXFileReference; lastKnownFileType = text.plist.xml; path = Info.plist; sourceTree = "<group>"; };
		2054371F22D9856600E683B4 /* Toturial05UITests.xctest */ = {isa = PBXFileReference; explicitFileType = wrapper.cfbundle; includeInIndex = 0; path = Toturial05UITests.xctest; sourceTree = BUILT_PRODUCTS_DIR; };
		2054372322D9856600E683B4 /* Toturial05UITests.m */ = {isa = PBXFileReference; lastKnownFileType = sourcecode.c.objc; path = Toturial05UITests.m; sourceTree = "<group>"; };
		2054372522D9856700E683B4 /* Info.plist */ = {isa = PBXFileReference; lastKnownFileType = text.plist.xml; path = Info.plist; sourceTree = "<group>"; };
/* End PBXFileReference section */

/* Begin PBXFrameworksBuildPhase section */
		205436F922D9856500E683B4 /* Frameworks */ = {
			isa = PBXFrameworksBuildPhase;
			buildActionMask = 2147483647;
			files = (
			);
			runOnlyForDeploymentPostprocessing = 0;
		};
		2054371122D9856600E683B4 /* Frameworks */ = {
			isa = PBXFrameworksBuildPhase;
			buildActionMask = 2147483647;
			files = (
			);
			runOnlyForDeploymentPostprocessing = 0;
		};
		2054371C22D9856600E683B4 /* Frameworks */ = {
			isa = PBXFrameworksBuildPhase;
			buildActionMask = 2147483647;
			files = (
			);
			runOnlyForDeploymentPostprocessing = 0;
		};
/* End PBXFrameworksBuildPhase section */

/* Begin PBXGroup section */
		205436F322D9856500E683B4 = {
			isa = PBXGroup;
			children = (
				205436FE22D9856500E683B4 /* Toturial05 */,
				2054371722D9856600E683B4 /* Toturial05Tests */,
				2054372222D9856600E683B4 /* Toturial05UITests */,
				205436FD22D9856500E683B4 /* Products */,
			);
			sourceTree = "<group>";
		};
		205436FD22D9856500E683B4 /* Products */ = {
			isa = PBXGroup;
			children = (
				205436FC22D9856500E683B4 /* Toturial05.app */,
				2054371422D9856600E683B4 /* Toturial05Tests.xctest */,
				2054371F22D9856600E683B4 /* Toturial05UITests.xctest */,
			);
			name = Products;
			sourceTree = "<group>";
		};
		205436FE22D9856500E683B4 /* Toturial05 */ = {
			isa = PBXGroup;
			children = (
				205436FF22D9856500E683B4 /* AppDelegate.h */,
				2054370022D9856500E683B4 /* AppDelegate.m */,
				2054370222D9856500E683B4 /* ViewController.h */,
				2054370322D9856500E683B4 /* ViewController.m */,
				2054370522D9856500E683B4 /* Main.storyboard */,
				2054370822D9856600E683B4 /* Assets.xcassets */,
				2054370A22D9856600E683B4 /* LaunchScreen.storyboard */,
				2054370D22D9856600E683B4 /* Info.plist */,
				2054370E22D9856600E683B4 /* main.m */,
			);
			path = Toturial05;
			sourceTree = "<group>";
		};
		2054371722D9856600E683B4 /* Toturial05Tests */ = {
			isa = PBXGroup;
			children = (
				2054371822D9856600E683B4 /* Toturial05Tests.m */,
				2054371A22D9856600E683B4 /* Info.plist */,
			);
			path = Toturial05Tests;
			sourceTree = "<group>";
		};
		2054372222D9856600E683B4 /* Toturial05UITests */ = {
			isa = PBXGroup;
			children = (
				2054372322D9856600E683B4 /* Toturial05UITests.m */,
				2054372522D9856700E683B4 /* Info.plist */,
			);
			path = Toturial05UITests;
			sourceTree = "<group>";
		};
/* End PBXGroup section */

/* Begin PBXNativeTarget section */
		205436FB22D9856500E683B4 /* Toturial05 */ = {
			isa = PBXNativeTarget;
			buildConfigurationList = 2054372822D9856700E683B4 /* Build configuration list for PBXNativeTarget "Toturial05" */;
			buildPhases = (
				205436F822D9856500E683B4 /* Sources */,
				205436F922D9856500E683B4 /* Frameworks */,
				205436FA22D9856500E683B4 /* Resources */,
			);
			buildRules = (
			);
			dependencies = (
			);
			name = Toturial05;
			productName = Toturial05;
			productReference = 205436FC22D9856500E683B4 /* Toturial05.app */;
			productType = "com.apple.product-type.application";
		};
		2054371322D9856600E683B4 /* Toturial05Tests */ = {
			isa = PBXNativeTarget;
			buildConfigurationList = 2054372B22D9856700E683B4 /* Build configuration list for PBXNativeTarget "Toturial05Tests" */;
			buildPhases = (
				2054371022D9856600E683B4 /* Sources */,
				2054371122D9856600E683B4 /* Frameworks */,
				2054371222D9856600E683B4 /* Resources */,
			);
			buildRules = (
			);
			dependencies = (
				2054371622D9856600E683B4 /* PBXTargetDependency */,
			);
			name = Toturial05Tests;
			productName = Toturial05Tests;
			productReference = 2054371422D9856600E683B4 /* Toturial05Tests.xctest */;
			productType = "com.apple.product-type.bundle.unit-test";
		};
		2054371E22D9856600E683B4 /* Toturial05UITests */ = {
			isa = PBXNativeTarget;
			buildConfigurationList = 2054372E22D9856700E683B4 /* Build configuration list for PBXNativeTarget "Toturial05UITests" */;
			buildPhases = (
				2054371B22D9856600E683B4 /* Sources */,
				2054371C22D9856600E683B4 /* Frameworks */,
				2054371D22D9856600E683B4 /* Resources */,
			);
			buildRules = (
			);
			dependencies = (
				2054372122D9856600E683B4 /* PBXTargetDependency */,
			);
			name = Toturial05UITests;
			productName = Toturial05UITests;
			productReference = 2054371F22D9856600E683B4 /* Toturial05UITests.xctest */;
			productType = "com.apple.product-type.bundle.ui-testing";
		};
/* End PBXNativeTarget section */

/* Begin PBXProject section */
		205436F422D9856500E683B4 /* Project object */ = {
			isa = PBXProject;
			attributes = {
				LastUpgradeCheck = 1020;
				ORGANIZATIONNAME = heyonly;
				TargetAttributes = {
					205436FB22D9856500E683B4 = {
						CreatedOnToolsVersion = 10.2.1;
					};
					2054371322D9856600E683B4 = {
						CreatedOnToolsVersion = 10.2.1;
						TestTargetID = 205436FB22D9856500E683B4;
					};
					2054371E22D9856600E683B4 = {
						CreatedOnToolsVersion = 10.2.1;
						TestTargetID = 205436FB22D9856500E683B4;
					};
				};
			};
			buildConfigurationList = 205436F722D9856500E683B4 /* Build configuration list for PBXProject "Toturial05" */;
			compatibilityVersion = "Xcode 9.3";
			developmentRegion = en;
			hasScannedForEncodings = 0;
			knownRegions = (
				en,
				Base,
			);
			mainGroup = 205436F322D9856500E683B4;
			productRefGroup = 205436FD22D9856500E683B4 /* Products */;
			projectDirPath = "";
			projectRoot = "";
			targets = (
				205436FB22D9856500E683B4 /* Toturial05 */,
				2054371322D9856600E683B4 /* Toturial05Tests */,
				2054371E22D9856600E683B4 /* Toturial05UITests */,
			);
		};
/* End PBXProject section */

/* Begin PBXResourcesBuildPhase section */
		205436FA22D9856500E683B4 /* Resources */ = {
			isa = PBXResourcesBuildPhase;
			buildActionMask = 2147483647;
			files = (
				2054370C22D9856600E683B4 /* LaunchScreen.storyboard in Resources */,
				2054370922D9856600E683B4 /* Assets.xcassets in Resources */,
				2054370722D9856500E683B4 /* Main.storyboard in Resources */,
			);
			runOnlyForDeploymentPostprocessing = 0;
		};
		2054371222D9856600E683B4 /* Resources */ = {
			isa = PBXResourcesBuildPhase;
			buildActionMask = 2147483647;
			files = (
			);
			runOnlyForDeploymentPostprocessing = 0;
		};
		2054371D22D9856600E683B4 /* Resources */ = {
			isa = PBXResourcesBuildPhase;
			buildActionMask = 2147483647;
			files = (
			);
			runOnlyForDeploymentPostprocessing = 0;
		};
/* End PBXResourcesBuildPhase section */

/* Begin PBXSourcesBuildPhase section */
		205436F822D9856500E683B4 /* Sources */ = {
			isa = PBXSourcesBuildPhase;
			buildActionMask = 2147483647;
			files = (
				2054370422D9856500E683B4 /* ViewController.m in Sources */,
				2054370F22D9856600E683B4 /* main.m in Sources */,
				2054370122D9856500E683B4 /* AppDelegate.m in Sources */,
			);
			runOnlyForDeploymentPostprocessing = 0;
		};
		2054371022D9856600E683B4 /* Sources */ = {
			isa = PBXSourcesBuildPhase;
			buildActionMask = 2147483647;
			files = (
				2054371922D9856600E683B4 /* Toturial05Tests.m in Sources */,
			);
			runOnlyForDeploymentPostprocessing = 0;
		};
		2054371B22D9856600E683B4 /* Sources */ = {
			isa = PBXSourcesBuildPhase;
			buildActionMask = 2147483647;
			files = (
				2054372422D9856600E683B4 /* Toturial05UITests.m in Sources */,
			);
			runOnlyForDeploymentPostprocessing = 0;
		};
/* End PBXSourcesBuildPhase section */

/* Begin PBXTargetDependency section */
		2054371622D9856600E683B4 /* PBXTargetDependency */ = {
			isa = PBXTargetDependency;
			target = 205436FB22D9856500E683B4 /* Toturial05 */;
			targetProxy = 2054371522D9856600E683B4 /* PBXContainerItemProxy */;
		};
		2054372122D9856600E683B4 /* PBXTargetDependency */ = {
			isa = PBXTargetDependency;
			target = 205436FB22D9856500E683B4 /* Toturial05 */;
			targetProxy = 2054372022D9856600E683B4 /* PBXContainerItemProxy */;
		};
/* End PBXTargetDependency section */

/* Begin PBXVariantGroup section */
		2054370522D9856500E683B4 /* Main.storyboard */ = {
			isa = PBXVariantGroup;
			children = (
				2054370622D9856500E683B4 /* Base */,
			);
			name = Main.storyboard;
			sourceTree = "<group>";
		};
		2054370A22D9856600E683B4 /* LaunchScreen.storyboard */ = {
			isa = PBXVariantGroup;
			children = (
				2054370B22D9856600E683B4 /* Base */,
			);
			name = LaunchScreen.storyboard;
			sourceTree = "<group>";
		};
/* End PBXVariantGroup section */

/* Begin XCBuildConfiguration section */
		2054372622D9856700E683B4 /* Debug */ = {
			isa = XCBuildConfiguration;
			buildSettings = {
				ALWAYS_SEARCH_USER_PATHS = NO;
				CLANG_ANALYZER_NONNULL = YES;
				CLANG_ANALYZER_NUMBER_OBJECT_CONVERSION = YES_AGGRESSIVE;
				CLANG_CXX_LANGUAGE_STANDARD = "gnu++14";
				CLANG_CXX_LIBRARY = "libc++";
				CLANG_ENABLE_MODULES = YES;
				CLANG_ENABLE_OBJC_ARC = YES;
				CLANG_ENABLE_OBJC_WEAK = YES;
				CLANG_WARN_BLOCK_CAPTURE_AUTORELEASING = YES;
				CLANG_WARN_BOOL_CONVERSION = YES;
				CLANG_WARN_COMMA = YES;
				CLANG_WARN_CONSTANT_CONVERSION = YES;
				CLANG_WARN_DEPRECATED_OBJC_IMPLEMENTATIONS = YES;
				CLANG_WARN_DIRECT_OBJC_ISA_USAGE = YES_ERROR;
				CLANG_WARN_DOCUMENTATION_COMMENTS = YES;
				CLANG_WARN_EMPTY_BODY = YES;
				CLANG_WARN_ENUM_CONVERSION = YES;
				CLANG_WARN_INFINITE_RECURSION = YES;
				CLANG_WARN_INT_CONVERSION = YES;
				CLANG_WARN_NON_LITERAL_NULL_CONVERSION = YES;
				CLANG_WARN_OBJC_IMPLICIT_RETAIN_SELF = YES;
				CLANG_WARN_OBJC_LITERAL_CONVERSION = YES;
				CLANG_WARN_OBJC_ROOT_CLASS = YES_ERROR;
				CLANG_WARN_RANGE_LOOP_ANALYSIS = YES;
				CLANG_WARN_STRICT_PROTOTYPES = YES;
				CLANG_WARN_SUSPICIOUS_MOVE = YES;
				CLANG_WARN_UNGUARDED_AVAILABILITY = YES_AGGRESSIVE;
				CLANG_WARN_UNREACHABLE_CODE = YES;
				CLANG_WARN__DUPLICATE_METHOD_MATCH = YES;
				CODE_SIGN_IDENTITY = "iPhone Developer";
				COPY_PHASE_STRIP = NO;
				DEBUG_INFORMATION_FORMAT = dwarf;
				ENABLE_STRICT_OBJC_MSGSEND = YES;
				ENABLE_TESTABILITY = YES;
				GCC_C_LANGUAGE_STANDARD = gnu11;
				GCC_DYNAMIC_NO_PIC = NO;
				GCC_NO_COMMON_BLOCKS = YES;
				GCC_OPTIMIZATION_LEVEL = 0;
				GCC_PREPROCESSOR_DEFINITIONS = (
					"DEBUG=1",
					"$(inherited)",
				);
				GCC_WARN_64_TO_32_BIT_CONVERSION = YES;
				GCC_WARN_ABOUT_RETURN_TYPE = YES_ERROR;
				GCC_WARN_UNDECLARED_SELECTOR = YES;
				GCC_WARN_UNINITIALIZED_AUTOS = YES_AGGRESSIVE;
				GCC_WARN_UNUSED_FUNCTION = YES;
				GCC_WARN_UNUSED_VARIABLE = YES;
				IPHONEOS_DEPLOYMENT_TARGET = 12.2;
				MTL_ENABLE_DEBUG_INFO = INCLUDE_SOURCE;
				MTL_FAST_MATH = YES;
				ONLY_ACTIVE_ARCH = YES;
				SDKROOT = iphoneos;
			};
			name = Debug;
		};
		2054372722D9856700E683B4 /* Release */ = {
			isa = XCBuildConfiguration;
			buildSettings = {
				ALWAYS_SEARCH_USER_PATHS = NO;
				CLANG_ANALYZER_NONNULL = YES;
				CLANG_ANALYZER_NUMBER_OBJECT_CONVERSION = YES_AGGRESSIVE;
				CLANG_CXX_LANGUAGE_STANDARD = "gnu++14";
				CLANG_CXX_LIBRARY = "libc++";
				CLANG_ENABLE_MODULES = YES;
				CLANG_ENABLE_OBJC_ARC = YES;
				CLANG_ENABLE_OBJC_WEAK = YES;
				CLANG_WARN_BLOCK_CAPTURE_AUTORELEASING = YES;
				CLANG_WARN_BOOL_CONVERSION = YES;
				CLANG_WARN_COMMA = YES;
				CLANG_WARN_CONSTANT_CONVERSION = YES;
				CLANG_WARN_DEPRECATED_OBJC_IMPLEMENTATIONS = YES;
				CLANG_WARN_DIRECT_OBJC_ISA_USAGE = YES_ERROR;
				CLANG_WARN_DOCUMENTATION_COMMENTS = YES;
				CLANG_WARN_EMPTY_BODY = YES;
				CLANG_WARN_ENUM_CONVERSION = YES;
				CLANG_WARN_INFINITE_RECURSION = YES;
				CLANG_WARN_INT_CONVERSION = YES;
				CLANG_WARN_NON_LITERAL_NULL_CONVERSION = YES;
				CLANG_WARN_OBJC_IMPLICIT_RETAIN_SELF = YES;
				CLANG_WARN_OBJC_LITERAL_CONVERSION = YES;
				CLANG_WARN_OBJC_ROOT_CLASS = YES_ERROR;
				CLANG_WARN_RANGE_LOOP_ANALYSIS = YES;
				CLANG_WARN_STRICT_PROTOTYPES = YES;
				CLANG_WARN_SUSPICIOUS_MOVE = YES;
				CLANG_WARN_UNGUARDED_AVAILABILITY = YES_AGGRESSIVE;
				CLANG_WARN_UNREACHABLE_CODE = YES;
				CLANG_WARN__DUPLICATE_METHOD_MATCH = YES;
				CODE_SIGN_IDENTITY = "iPhone Developer";
				COPY_PHASE_STRIP = NO;
				DEBUG_INFORMATION_FORMAT = "dwarf-with-dsym";
				ENABLE_NS_ASSERTIONS = NO;
				ENABLE_STRICT_OBJC_MSGSEND = YES;
				GCC_C_LANGUAGE_STANDARD = gnu11;
				GCC_NO_COMMON_BLOCKS = YES;
				GCC_WARN_64_TO_32_BIT_CONVERSION = YES;
				GCC_WARN_ABOUT_RETURN_TYPE = YES_ERROR;
				GCC_WARN_UNDECLARED_SELECTOR = YES;
				GCC_WARN_UNINITIALIZED_AUTOS = YES_AGGRESSIVE;
				GCC_WARN_UNUSED_FUNCTION = YES;
				GCC_WARN_UNUSED_VARIABLE = YES;
				IPHONEOS_DEPLOYMENT_TARGET = 12.2;
				MTL_ENABLE_DEBUG_INFO = NO;
				MTL_FAST_MATH = YES;
				SDKROOT = iphoneos;
				VALIDATE_PRODUCT = YES;
			};
			name = Release;
		};
		2054372922D9856700E683B4 /* Debug */ = {
			isa = XCBuildConfiguration;
			buildSettings = {
				ASSETCATALOG_COMPILER_APPICON_NAME = AppIcon;
				CODE_SIGN_STYLE = Automatic;
				DEVELOPMENT_TEAM = 56MY3ZN5V7;
				INFOPLIST_FILE = Toturial05/Info.plist;
				IPHONEOS_DEPLOYMENT_TARGET = 10.0;
				LD_RUNPATH_SEARCH_PATHS = (
					"$(inherited)",
					"@executable_path/Frameworks",
				);
				PRODUCT_BUNDLE_IDENTIFIER = com.uusafe.Toturial05;
				PRODUCT_NAME = "$(TARGET_NAME)";
				TARGETED_DEVICE_FAMILY = "1,2";
			};
			name = Debug;
		};
		2054372A22D9856700E683B4 /* Release */ = {
			isa = XCBuildConfiguration;
			buildSettings = {
				ASSETCATALOG_COMPILER_APPICON_NAME = AppIcon;
				CODE_SIGN_STYLE = Automatic;
				DEVELOPMENT_TEAM = 56MY3ZN5V7;
				INFOPLIST_FILE = Toturial05/Info.plist;
				IPHONEOS_DEPLOYMENT_TARGET = 10.0;
				LD_RUNPATH_SEARCH_PATHS = (
					"$(inherited)",
					"@executable_path/Frameworks",
				);
				PRODUCT_BUNDLE_IDENTIFIER = com.uusafe.Toturial05;
				PRODUCT_NAME = "$(TARGET_NAME)";
				TARGETED_DEVICE_FAMILY = "1,2";
			};
			name = Release;
		};
		2054372C22D9856700E683B4 /* Debug */ = {
			isa = XCBuildConfiguration;
			buildSettings = {
				BUNDLE_LOADER = "$(TEST_HOST)";
				CODE_SIGN_STYLE = Automatic;
				DEVELOPMENT_TEAM = 56MY3ZN5V7;
				INFOPLIST_FILE = Toturial05Tests/Info.plist;
				LD_RUNPATH_SEARCH_PATHS = (
					"$(inherited)",
					"@executable_path/Frameworks",
					"@loader_path/Frameworks",
				);
				PRODUCT_BUNDLE_IDENTIFIER = com.uusafe.Toturial05Tests;
				PRODUCT_NAME = "$(TARGET_NAME)";
				TARGETED_DEVICE_FAMILY = "1,2";
				TEST_HOST = "$(BUILT_PRODUCTS_DIR)/Toturial05.app/Toturial05";
			};
			name = Debug;
		};
		2054372D22D9856700E683B4 /* Release */ = {
			isa = XCBuildConfiguration;
			buildSettings = {
				BUNDLE_LOADER = "$(TEST_HOST)";
				CODE_SIGN_STYLE = Automatic;
				DEVELOPMENT_TEAM = 56MY3ZN5V7;
				INFOPLIST_FILE = Toturial05Tests/Info.plist;
				LD_RUNPATH_SEARCH_PATHS = (
					"$(inherited)",
					"@executable_path/Frameworks",
					"@loader_path/Frameworks",
				);
				PRODUCT_BUNDLE_IDENTIFIER = com.uusafe.Toturial05Tests;
				PRODUCT_NAME = "$(TARGET_NAME)";
				TARGETED_DEVICE_FAMILY = "1,2";
				TEST_HOST = "$(BUILT_PRODUCTS_DIR)/Toturial05.app/Toturial05";
			};
			name = Release;
		};
		2054372F22D9856700E683B4 /* Debug */ = {
			isa = XCBuildConfiguration;
			buildSettings = {
				CODE_SIGN_STYLE = Automatic;
				DEVELOPMENT_TEAM = 56MY3ZN5V7;
				INFOPLIST_FILE = Toturial05UITests/Info.plist;
				LD_RUNPATH_SEARCH_PATHS = (
					"$(inherited)",
					"@executable_path/Frameworks",
					"@loader_path/Frameworks",
				);
				PRODUCT_BUNDLE_IDENTIFIER = com.uusafe.Toturial05UITests;
				PRODUCT_NAME = "$(TARGET_NAME)";
				TARGETED_DEVICE_FAMILY = "1,2";
				TEST_TARGET_NAME = Toturial05;
			};
			name = Debug;
		};
		2054373022D9856700E683B4 /* Release */ = {
			isa = XCBuildConfiguration;
			buildSettings = {
				CODE_SIGN_STYLE = Automatic;
				DEVELOPMENT_TEAM = 56MY3ZN5V7;
				INFOPLIST_FILE = Toturial05UITests/Info.plist;
				LD_RUNPATH_SEARCH_PATHS = (
					"$(inherited)",
					"@executable_path/Frameworks",
					"@loader_path/Frameworks",
				);
				PRODUCT_BUNDLE_IDENTIFIER = com.uusafe.Toturial05UITests;
				PRODUCT_NAME = "$(TARGET_NAME)";
				TARGETED_DEVICE_FAMILY = "1,2";
				TEST_TARGET_NAME = Toturial05;
			};
			name = Release;
		};
/* End XCBuildConfiguration section */

/* Begin XCConfigurationList section */
		205436F722D9856500E683B4 /* Build configuration list for PBXProject "Toturial05" */ = {
			isa = XCConfigurationList;
			buildConfigurations = (
				2054372622D9856700E683B4 /* Debug */,
				2054372722D9856700E683B4 /* Release */,
			);
			defaultConfigurationIsVisible = 0;
			defaultConfigurationName = Release;
		};
		2054372822D9856700E683B4 /* Build configuration list for PBXNativeTarget "Toturial05" */ = {
			isa = XCConfigurationList;
			buildConfigurations = (
				2054372922D9856700E683B4 /* Debug */,
				2054372A22D9856700E683B4 /* Release */,
			);
			defaultConfigurationIsVisible = 0;
			defaultConfigurationName = Release;
		};
		2054372B22D9856700E683B4 /* Build configuration list for PBXNativeTarget "Toturial05Tests" */ = {
			isa = XCConfigurationList;
			buildConfigurations = (
				2054372C22D9856700E683B4 /* Debug */,
				2054372D22D9856700E683B4 /* Release */,
			);
			defaultConfigurationIsVisible = 0;
			defaultConfigurationName = Release;
		};
		2054372E22D9856700E683B4 /* Build configuration list for PBXNativeTarget "Toturial05UITests" */ = {
			isa = XCConfigurationList;
			buildConfigurations = (
				2054372F22D9856700E683B4 /* Debug */,
				2054373022D9856700E683B4 /* Release */,
			);
			defaultConfigurationIsVisible = 0;
			defaultConfigurationName = Release;
		};
/* End XCConfigurationList section */
	};
	rootObject = 205436F422D9856500E683B4 /* Project object */;
}
