// !$*UTF8*$!
{
	archiveVersion = 1;
	classes = {
	};
	objectVersion = 50;
	objects = {

/* Begin PBXBuildFile section */
		2054369D22D4F5BF00E683B4 /* OpenGLView.m in Sources */ = {isa = PBXBuildFile; fileRef = 2054369C22D4F5BF00E683B4 /* OpenGLView.m */; };
		205436A022D4F60500E683B4 /* timg.jpeg in Resources */ = {isa = PBXBuildFile; fileRef = 2054369E22D4F60400E683B4 /* timg.jpeg */; };
		205436A122D4F60500E683B4 /* fragmentShader.glsl in Resources */ = {isa = PBXBuildFile; fileRef = 2054369F22D4F60500E683B4 /* fragmentShader.glsl */; };
		205436A522D4F61200E683B4 /* OpenGLUtils.m in Sources */ = {isa = PBXBuildFile; fileRef = 205436A322D4F61200E683B4 /* OpenGLUtils.m */; };
		205436A722D4F61F00E683B4 /* vertexShader.glsl in Resources */ = {isa = PBXBuildFile; fileRef = 205436A622D4F61F00E683B4 /* vertexShader.glsl */; };
		205436AC22D4F6FD00E683B4 /* ksVector.c in Sources */ = {isa = PBXBuildFile; fileRef = 205436A822D4F6FD00E683B4 /* ksVector.c */; };
		205436AD22D4F6FD00E683B4 /* ksMatrix.c in Sources */ = {isa = PBXBuildFile; fileRef = 205436AA22D4F6FD00E683B4 /* ksMatrix.c */; };
		20F344D322D4F0A9003D7C05 /* AppDelegate.m in Sources */ = {isa = PBXBuildFile; fileRef = 20F344D222D4F0A9003D7C05 /* AppDelegate.m */; };
		20F344D622D4F0A9003D7C05 /* ViewController.m in Sources */ = {isa = PBXBuildFile; fileRef = 20F344D522D4F0A9003D7C05 /* ViewController.m */; };
		20F344D922D4F0A9003D7C05 /* Main.storyboard in Resources */ = {isa = PBXBuildFile; fileRef = 20F344D722D4F0A9003D7C05 /* Main.storyboard */; };
		20F344DB22D4F0AB003D7C05 /* Assets.xcassets in Resources */ = {isa = PBXBuildFile; fileRef = 20F344DA22D4F0AB003D7C05 /* Assets.xcassets */; };
		20F344DE22D4F0AB003D7C05 /* LaunchScreen.storyboard in Resources */ = {isa = PBXBuildFile; fileRef = 20F344DC22D4F0AB003D7C05 /* LaunchScreen.storyboard */; };
		20F344E122D4F0AB003D7C05 /* main.m in Sources */ = {isa = PBXBuildFile; fileRef = 20F344E022D4F0AB003D7C05 /* main.m */; };
		20F344EB22D4F0AB003D7C05 /* Tutorial04Tests.m in Sources */ = {isa = PBXBuildFile; fileRef = 20F344EA22D4F0AB003D7C05 /* Tutorial04Tests.m */; };
		20F344F622D4F0AB003D7C05 /* Tutorial04UITests.m in Sources */ = {isa = PBXBuildFile; fileRef = 20F344F522D4F0AB003D7C05 /* Tutorial04UITests.m */; };
/* End PBXBuildFile section */

/* Begin PBXContainerItemProxy section */
		20F344E722D4F0AB003D7C05 /* PBXContainerItemProxy */ = {
			isa = PBXContainerItemProxy;
			containerPortal = 20F344C622D4F0A9003D7C05 /* Project object */;
			proxyType = 1;
			remoteGlobalIDString = 20F344CD22D4F0A9003D7C05;
			remoteInfo = Tutorial04;
		};
		20F344F222D4F0AB003D7C05 /* PBXContainerItemProxy */ = {
			isa = PBXContainerItemProxy;
			containerPortal = 20F344C622D4F0A9003D7C05 /* Project object */;
			proxyType = 1;
			remoteGlobalIDString = 20F344CD22D4F0A9003D7C05;
			remoteInfo = Tutorial04;
		};
/* End PBXContainerItemProxy section */

/* Begin PBXFileReference section */
		2054369B22D4F5BF00E683B4 /* OpenGLView.h */ = {isa = PBXFileReference; lastKnownFileType = sourcecode.c.h; path = OpenGLView.h; sourceTree = "<group>"; };
		2054369C22D4F5BF00E683B4 /* OpenGLView.m */ = {isa = PBXFileReference; lastKnownFileType = sourcecode.c.objc; path = OpenGLView.m; sourceTree = "<group>"; };
		2054369E22D4F60400E683B4 /* timg.jpeg */ = {isa = PBXFileReference; lastKnownFileType = image.jpeg; path = timg.jpeg; sourceTree = "<group>"; };
		2054369F22D4F60500E683B4 /* fragmentShader.glsl */ = {isa = PBXFileReference; fileEncoding = 4; lastKnownFileType = text; path = fragmentShader.glsl; sourceTree = "<group>"; };
		205436A322D4F61200E683B4 /* OpenGLUtils.m */ = {isa = PBXFileReference; fileEncoding = 4; lastKnownFileType = sourcecode.c.objc; path = OpenGLUtils.m; sourceTree = "<group>"; };
		205436A422D4F61200E683B4 /* OpenGLUtils.h */ = {isa = PBXFileReference; fileEncoding = 4; lastKnownFileType = sourcecode.c.h; path = OpenGLUtils.h; sourceTree = "<group>"; };
		205436A622D4F61F00E683B4 /* vertexShader.glsl */ = {isa = PBXFileReference; fileEncoding = 4; lastKnownFileType = text; path = vertexShader.glsl; sourceTree = "<group>"; };
		205436A822D4F6FD00E683B4 /* ksVector.c */ = {isa = PBXFileReference; fileEncoding = 4; lastKnownFileType = sourcecode.c.c; path = ksVector.c; sourceTree = "<group>"; };
		205436A922D4F6FD00E683B4 /* ksVector.h */ = {isa = PBXFileReference; fileEncoding = 4; lastKnownFileType = sourcecode.c.h; path = ksVector.h; sourceTree = "<group>"; };
		205436AA22D4F6FD00E683B4 /* ksMatrix.c */ = {isa = PBXFileReference; fileEncoding = 4; lastKnownFileType = sourcecode.c.c; path = ksMatrix.c; sourceTree = "<group>"; };
		205436AB22D4F6FD00E683B4 /* ksMatrix.h */ = {isa = PBXFileReference; fileEncoding = 4; lastKnownFileType = sourcecode.c.h; path = ksMatrix.h; sourceTree = "<group>"; };
		20F344CE22D4F0A9003D7C05 /* Tutorial04.app */ = {isa = PBXFileReference; explicitFileType = wrapper.application; includeInIndex = 0; path = Tutorial04.app; sourceTree = BUILT_PRODUCTS_DIR; };
		20F344D122D4F0A9003D7C05 /* AppDelegate.h */ = {isa = PBXFileReference; lastKnownFileType = sourcecode.c.h; path = AppDelegate.h; sourceTree = "<group>"; };
		20F344D222D4F0A9003D7C05 /* AppDelegate.m */ = {isa = PBXFileReference; lastKnownFileType = sourcecode.c.objc; path = AppDelegate.m; sourceTree = "<group>"; };
		20F344D422D4F0A9003D7C05 /* ViewController.h */ = {isa = PBXFileReference; lastKnownFileType = sourcecode.c.h; path = ViewController.h; sourceTree = "<group>"; };
		20F344D522D4F0A9003D7C05 /* ViewController.m */ = {isa = PBXFileReference; lastKnownFileType = sourcecode.c.objc; path = ViewController.m; sourceTree = "<group>"; };
		20F344D822D4F0A9003D7C05 /* Base */ = {isa = PBXFileReference; lastKnownFileType = file.storyboard; name = Base; path = Base.lproj/Main.storyboard; sourceTree = "<group>"; };
		20F344DA22D4F0AB003D7C05 /* Assets.xcassets */ = {isa = PBXFileReference; lastKnownFileType = folder.assetcatalog; path = Assets.xcassets; sourceTree = "<group>"; };
		20F344DD22D4F0AB003D7C05 /* Base */ = {isa = PBXFileReference; lastKnownFileType = file.storyboard; name = Base; path = Base.lproj/LaunchScreen.storyboard; sourceTree = "<group>"; };
		20F344DF22D4F0AB003D7C05 /* Info.plist */ = {isa = PBXFileReference; lastKnownFileType = text.plist.xml; path = Info.plist; sourceTree = "<group>"; };
		20F344E022D4F0AB003D7C05 /* main.m */ = {isa = PBXFileReference; lastKnownFileType = sourcecode.c.objc; path = main.m; sourceTree = "<group>"; };
		20F344E622D4F0AB003D7C05 /* Tutorial04Tests.xctest */ = {isa = PBXFileReference; explicitFileType = wrapper.cfbundle; includeInIndex = 0; path = Tutorial04Tests.xctest; sourceTree = BUILT_PRODUCTS_DIR; };
		20F344EA22D4F0AB003D7C05 /* Tutorial04Tests.m */ = {isa = PBXFileReference; lastKnownFileType = sourcecode.c.objc; path = Tutorial04Tests.m; sourceTree = "<group>"; };
		20F344EC22D4F0AB003D7C05 /* Info.plist */ = {isa = PBXFileReference; lastKnownFileType = text.plist.xml; path = Info.plist; sourceTree = "<group>"; };
		20F344F122D4F0AB003D7C05 /* Tutorial04UITests.xctest */ = {isa = PBXFileReference; explicitFileType = wrapper.cfbundle; includeInIndex = 0; path = Tutorial04UITests.xctest; sourceTree = BUILT_PRODUCTS_DIR; };
		20F344F522D4F0AB003D7C05 /* Tutorial04UITests.m */ = {isa = PBXFileReference; lastKnownFileType = sourcecode.c.objc; path = Tutorial04UITests.m; sourceTree = "<group>"; };
		20F344F722D4F0AB003D7C05 /* Info.plist */ = {isa = PBXFileReference; lastKnownFileType = text.plist.xml; path = Info.plist; sourceTree = "<group>"; };
/* End PBXFileReference section */

/* Begin PBXFrameworksBuildPhase section */
		20F344CB22D4F0A9003D7C05 /* Frameworks */ = {
			isa = PBXFrameworksBuildPhase;
			buildActionMask = 2147483647;
			files = (
			);
			runOnlyForDeploymentPostprocessing = 0;
		};
		20F344E322D4F0AB003D7C05 /* Frameworks */ = {
			isa = PBXFrameworksBuildPhase;
			buildActionMask = 2147483647;
			files = (
			);
			runOnlyForDeploymentPostprocessing = 0;
		};
		20F344EE22D4F0AB003D7C05 /* Frameworks */ = {
			isa = PBXFrameworksBuildPhase;
			buildActionMask = 2147483647;
			files = (
			);
			runOnlyForDeploymentPostprocessing = 0;
		};
/* End PBXFrameworksBuildPhase section */

/* Begin PBXGroup section */
		205436A222D4F61200E683B4 /* Utils */ = {
			isa = PBXGroup;
			children = (
				205436AA22D4F6FD00E683B4 /* ksMatrix.c */,
				205436AB22D4F6FD00E683B4 /* ksMatrix.h */,
				205436A822D4F6FD00E683B4 /* ksVector.c */,
				205436A922D4F6FD00E683B4 /* ksVector.h */,
				205436A322D4F61200E683B4 /* OpenGLUtils.m */,
				205436A422D4F61200E683B4 /* OpenGLUtils.h */,
			);
			path = Utils;
			sourceTree = "<group>";
		};
		20F344C522D4F0A9003D7C05 = {
			isa = PBXGroup;
			children = (
				20F344D022D4F0A9003D7C05 /* Tutorial04 */,
				20F344E922D4F0AB003D7C05 /* Tutorial04Tests */,
				20F344F422D4F0AB003D7C05 /* Tutorial04UITests */,
				20F344CF22D4F0A9003D7C05 /* Products */,
			);
			sourceTree = "<group>";
		};
		20F344CF22D4F0A9003D7C05 /* Products */ = {
			isa = PBXGroup;
			children = (
				20F344CE22D4F0A9003D7C05 /* Tutorial04.app */,
				20F344E622D4F0AB003D7C05 /* Tutorial04Tests.xctest */,
				20F344F122D4F0AB003D7C05 /* Tutorial04UITests.xctest */,
			);
			name = Products;
			sourceTree = "<group>";
		};
		20F344D022D4F0A9003D7C05 /* Tutorial04 */ = {
			isa = PBXGroup;
			children = (
				205436A222D4F61200E683B4 /* Utils */,
				20F344D122D4F0A9003D7C05 /* AppDelegate.h */,
				20F344D222D4F0A9003D7C05 /* AppDelegate.m */,
				20F344D422D4F0A9003D7C05 /* ViewController.h */,
				20F344D522D4F0A9003D7C05 /* ViewController.m */,
				2054369B22D4F5BF00E683B4 /* OpenGLView.h */,
				2054369C22D4F5BF00E683B4 /* OpenGLView.m */,
				2054369F22D4F60500E683B4 /* fragmentShader.glsl */,
				205436A622D4F61F00E683B4 /* vertexShader.glsl */,
				2054369E22D4F60400E683B4 /* timg.jpeg */,
				20F344D722D4F0A9003D7C05 /* Main.storyboard */,
				20F344DA22D4F0AB003D7C05 /* Assets.xcassets */,
				20F344DC22D4F0AB003D7C05 /* LaunchScreen.storyboard */,
				20F344DF22D4F0AB003D7C05 /* Info.plist */,
				20F344E022D4F0AB003D7C05 /* main.m */,
			);
			path = Tutorial04;
			sourceTree = "<group>";
		};
		20F344E922D4F0AB003D7C05 /* Tutorial04Tests */ = {
			isa = PBXGroup;
			children = (
				20F344EA22D4F0AB003D7C05 /* Tutorial04Tests.m */,
				20F344EC22D4F0AB003D7C05 /* Info.plist */,
			);
			path = Tutorial04Tests;
			sourceTree = "<group>";
		};
		20F344F422D4F0AB003D7C05 /* Tutorial04UITests */ = {
			isa = PBXGroup;
			children = (
				20F344F522D4F0AB003D7C05 /* Tutorial04UITests.m */,
				20F344F722D4F0AB003D7C05 /* Info.plist */,
			);
			path = Tutorial04UITests;
			sourceTree = "<group>";
		};
/* End PBXGroup section */

/* Begin PBXNativeTarget section */
		20F344CD22D4F0A9003D7C05 /* Tutorial04 */ = {
			isa = PBXNativeTarget;
			buildConfigurationList = 20F344FA22D4F0AB003D7C05 /* Build configuration list for PBXNativeTarget "Tutorial04" */;
			buildPhases = (
				20F344CA22D4F0A9003D7C05 /* Sources */,
				20F344CB22D4F0A9003D7C05 /* Frameworks */,
				20F344CC22D4F0A9003D7C05 /* Resources */,
			);
			buildRules = (
			);
			dependencies = (
			);
			name = Tutorial04;
			productName = Tutorial04;
			productReference = 20F344CE22D4F0A9003D7C05 /* Tutorial04.app */;
			productType = "com.apple.product-type.application";
		};
		20F344E522D4F0AB003D7C05 /* Tutorial04Tests */ = {
			isa = PBXNativeTarget;
			buildConfigurationList = 20F344FD22D4F0AB003D7C05 /* Build configuration list for PBXNativeTarget "Tutorial04Tests" */;
			buildPhases = (
				20F344E222D4F0AB003D7C05 /* Sources */,
				20F344E322D4F0AB003D7C05 /* Frameworks */,
				20F344E422D4F0AB003D7C05 /* Resources */,
			);
			buildRules = (
			);
			dependencies = (
				20F344E822D4F0AB003D7C05 /* PBXTargetDependency */,
			);
			name = Tutorial04Tests;
			productName = Tutorial04Tests;
			productReference = 20F344E622D4F0AB003D7C05 /* Tutorial04Tests.xctest */;
			productType = "com.apple.product-type.bundle.unit-test";
		};
		20F344F022D4F0AB003D7C05 /* Tutorial04UITests */ = {
			isa = PBXNativeTarget;
			buildConfigurationList = 20F3450022D4F0AB003D7C05 /* Build configuration list for PBXNativeTarget "Tutorial04UITests" */;
			buildPhases = (
				20F344ED22D4F0AB003D7C05 /* Sources */,
				20F344EE22D4F0AB003D7C05 /* Frameworks */,
				20F344EF22D4F0AB003D7C05 /* Resources */,
			);
			buildRules = (
			);
			dependencies = (
				20F344F322D4F0AB003D7C05 /* PBXTargetDependency */,
			);
			name = Tutorial04UITests;
			productName = Tutorial04UITests;
			productReference = 20F344F122D4F0AB003D7C05 /* Tutorial04UITests.xctest */;
			productType = "com.apple.product-type.bundle.ui-testing";
		};
/* End PBXNativeTarget section */

/* Begin PBXProject section */
		20F344C622D4F0A9003D7C05 /* Project object */ = {
			isa = PBXProject;
			attributes = {
				LastUpgradeCheck = 1020;
				ORGANIZATIONNAME = heyonly;
				TargetAttributes = {
					20F344CD22D4F0A9003D7C05 = {
						CreatedOnToolsVersion = 10.2.1;
					};
					20F344E522D4F0AB003D7C05 = {
						CreatedOnToolsVersion = 10.2.1;
						TestTargetID = 20F344CD22D4F0A9003D7C05;
					};
					20F344F022D4F0AB003D7C05 = {
						CreatedOnToolsVersion = 10.2.1;
						TestTargetID = 20F344CD22D4F0A9003D7C05;
					};
				};
			};
			buildConfigurationList = 20F344C922D4F0A9003D7C05 /* Build configuration list for PBXProject "Tutorial04" */;
			compatibilityVersion = "Xcode 9.3";
			developmentRegion = en;
			hasScannedForEncodings = 0;
			knownRegions = (
				en,
				Base,
			);
			mainGroup = 20F344C522D4F0A9003D7C05;
			productRefGroup = 20F344CF22D4F0A9003D7C05 /* Products */;
			projectDirPath = "";
			projectRoot = "";
			targets = (
				20F344CD22D4F0A9003D7C05 /* Tutorial04 */,
				20F344E522D4F0AB003D7C05 /* Tutorial04Tests */,
				20F344F022D4F0AB003D7C05 /* Tutorial04UITests */,
			);
		};
/* End PBXProject section */

/* Begin PBXResourcesBuildPhase section */
		20F344CC22D4F0A9003D7C05 /* Resources */ = {
			isa = PBXResourcesBuildPhase;
			buildActionMask = 2147483647;
			files = (
				205436A722D4F61F00E683B4 /* vertexShader.glsl in Resources */,
				205436A122D4F60500E683B4 /* fragmentShader.glsl in Resources */,
				20F344DE22D4F0AB003D7C05 /* LaunchScreen.storyboard in Resources */,
				20F344DB22D4F0AB003D7C05 /* Assets.xcassets in Resources */,
				205436A022D4F60500E683B4 /* timg.jpeg in Resources */,
				20F344D922D4F0A9003D7C05 /* Main.storyboard in Resources */,
			);
			runOnlyForDeploymentPostprocessing = 0;
		};
		20F344E422D4F0AB003D7C05 /* Resources */ = {
			isa = PBXResourcesBuildPhase;
			buildActionMask = 2147483647;
			files = (
			);
			runOnlyForDeploymentPostprocessing = 0;
		};
		20F344EF22D4F0AB003D7C05 /* Resources */ = {
			isa = PBXResourcesBuildPhase;
			buildActionMask = 2147483647;
			files = (
			);
			runOnlyForDeploymentPostprocessing = 0;
		};
/* End PBXResourcesBuildPhase section */

/* Begin PBXSourcesBuildPhase section */
		20F344CA22D4F0A9003D7C05 /* Sources */ = {
			isa = PBXSourcesBuildPhase;
			buildActionMask = 2147483647;
			files = (
				205436AD22D4F6FD00E683B4 /* ksMatrix.c in Sources */,
				205436AC22D4F6FD00E683B4 /* ksVector.c in Sources */,
				205436A522D4F61200E683B4 /* OpenGLUtils.m in Sources */,
				20F344D622D4F0A9003D7C05 /* ViewController.m in Sources */,
				20F344E122D4F0AB003D7C05 /* main.m in Sources */,
				20F344D322D4F0A9003D7C05 /* AppDelegate.m in Sources */,
				2054369D22D4F5BF00E683B4 /* OpenGLView.m in Sources */,
			);
			runOnlyForDeploymentPostprocessing = 0;
		};
		20F344E222D4F0AB003D7C05 /* Sources */ = {
			isa = PBXSourcesBuildPhase;
			buildActionMask = 2147483647;
			files = (
				20F344EB22D4F0AB003D7C05 /* Tutorial04Tests.m in Sources */,
			);
			runOnlyForDeploymentPostprocessing = 0;
		};
		20F344ED22D4F0AB003D7C05 /* Sources */ = {
			isa = PBXSourcesBuildPhase;
			buildActionMask = 2147483647;
			files = (
				20F344F622D4F0AB003D7C05 /* Tutorial04UITests.m in Sources */,
			);
			runOnlyForDeploymentPostprocessing = 0;
		};
/* End PBXSourcesBuildPhase section */

/* Begin PBXTargetDependency section */
		20F344E822D4F0AB003D7C05 /* PBXTargetDependency */ = {
			isa = PBXTargetDependency;
			target = 20F344CD22D4F0A9003D7C05 /* Tutorial04 */;
			targetProxy = 20F344E722D4F0AB003D7C05 /* PBXContainerItemProxy */;
		};
		20F344F322D4F0AB003D7C05 /* PBXTargetDependency */ = {
			isa = PBXTargetDependency;
			target = 20F344CD22D4F0A9003D7C05 /* Tutorial04 */;
			targetProxy = 20F344F222D4F0AB003D7C05 /* PBXContainerItemProxy */;
		};
/* End PBXTargetDependency section */

/* Begin PBXVariantGroup section */
		20F344D722D4F0A9003D7C05 /* Main.storyboard */ = {
			isa = PBXVariantGroup;
			children = (
				20F344D822D4F0A9003D7C05 /* Base */,
			);
			name = Main.storyboard;
			sourceTree = "<group>";
		};
		20F344DC22D4F0AB003D7C05 /* LaunchScreen.storyboard */ = {
			isa = PBXVariantGroup;
			children = (
				20F344DD22D4F0AB003D7C05 /* Base */,
			);
			name = LaunchScreen.storyboard;
			sourceTree = "<group>";
		};
/* End PBXVariantGroup section */

/* Begin XCBuildConfiguration section */
		20F344F822D4F0AB003D7C05 /* Debug */ = {
			isa = XCBuildConfiguration;
			buildSettings = {
				ALWAYS_SEARCH_USER_PATHS = NO;
				CLANG_ANALYZER_NONNULL = YES;
				CLANG_ANALYZER_NUMBER_OBJECT_CONVERSION = YES_AGGRESSIVE;
				CLANG_CXX_LANGUAGE_STANDARD = "gnu++14";
				CLANG_CXX_LIBRARY = "libc++";
				CLANG_ENABLE_MODULES = YES;
				CLANG_ENABLE_OBJC_ARC = YES;
				CLANG_ENABLE_OBJC_WEAK = YES;
				CLANG_WARN_BLOCK_CAPTURE_AUTORELEASING = YES;
				CLANG_WARN_BOOL_CONVERSION = YES;
				CLANG_WARN_COMMA = YES;
				CLANG_WARN_CONSTANT_CONVERSION = YES;
				CLANG_WARN_DEPRECATED_OBJC_IMPLEMENTATIONS = YES;
				CLANG_WARN_DIRECT_OBJC_ISA_USAGE = YES_ERROR;
				CLANG_WARN_DOCUMENTATION_COMMENTS = YES;
				CLANG_WARN_EMPTY_BODY = YES;
				CLANG_WARN_ENUM_CONVERSION = YES;
				CLANG_WARN_INFINITE_RECURSION = YES;
				CLANG_WARN_INT_CONVERSION = YES;
				CLANG_WARN_NON_LITERAL_NULL_CONVERSION = YES;
				CLANG_WARN_OBJC_IMPLICIT_RETAIN_SELF = YES;
				CLANG_WARN_OBJC_LITERAL_CONVERSION = YES;
				CLANG_WARN_OBJC_ROOT_CLASS = YES_ERROR;
				CLANG_WARN_RANGE_LOOP_ANALYSIS = YES;
				CLANG_WARN_STRICT_PROTOTYPES = YES;
				CLANG_WARN_SUSPICIOUS_MOVE = YES;
				CLANG_WARN_UNGUARDED_AVAILABILITY = YES_AGGRESSIVE;
				CLANG_WARN_UNREACHABLE_CODE = YES;
				CLANG_WARN__DUPLICATE_METHOD_MATCH = YES;
				CODE_SIGN_IDENTITY = "iPhone Developer";
				COPY_PHASE_STRIP = NO;
				DEBUG_INFORMATION_FORMAT = dwarf;
				ENABLE_STRICT_OBJC_MSGSEND = YES;
				ENABLE_TESTABILITY = YES;
				GCC_C_LANGUAGE_STANDARD = gnu11;
				GCC_DYNAMIC_NO_PIC = NO;
				GCC_NO_COMMON_BLOCKS = YES;
				GCC_OPTIMIZATION_LEVEL = 0;
				GCC_PREPROCESSOR_DEFINITIONS = (
					"DEBUG=1",
					"$(inherited)",
				);
				GCC_WARN_64_TO_32_BIT_CONVERSION = YES;
				GCC_WARN_ABOUT_RETURN_TYPE = YES_ERROR;
				GCC_WARN_UNDECLARED_SELECTOR = YES;
				GCC_WARN_UNINITIALIZED_AUTOS = YES_AGGRESSIVE;
				GCC_WARN_UNUSED_FUNCTION = YES;
				GCC_WARN_UNUSED_VARIABLE = YES;
				IPHONEOS_DEPLOYMENT_TARGET = 12.2;
				MTL_ENABLE_DEBUG_INFO = INCLUDE_SOURCE;
				MTL_FAST_MATH = YES;
				ONLY_ACTIVE_ARCH = YES;
				SDKROOT = iphoneos;
			};
			name = Debug;
		};
		20F344F922D4F0AB003D7C05 /* Release */ = {
			isa = XCBuildConfiguration;
			buildSettings = {
				ALWAYS_SEARCH_USER_PATHS = NO;
				CLANG_ANALYZER_NONNULL = YES;
				CLANG_ANALYZER_NUMBER_OBJECT_CONVERSION = YES_AGGRESSIVE;
				CLANG_CXX_LANGUAGE_STANDARD = "gnu++14";
				CLANG_CXX_LIBRARY = "libc++";
				CLANG_ENABLE_MODULES = YES;
				CLANG_ENABLE_OBJC_ARC = YES;
				CLANG_ENABLE_OBJC_WEAK = YES;
				CLANG_WARN_BLOCK_CAPTURE_AUTORELEASING = YES;
				CLANG_WARN_BOOL_CONVERSION = YES;
				CLANG_WARN_COMMA = YES;
				CLANG_WARN_CONSTANT_CONVERSION = YES;
				CLANG_WARN_DEPRECATED_OBJC_IMPLEMENTATIONS = YES;
				CLANG_WARN_DIRECT_OBJC_ISA_USAGE = YES_ERROR;
				CLANG_WARN_DOCUMENTATION_COMMENTS = YES;
				CLANG_WARN_EMPTY_BODY = YES;
				CLANG_WARN_ENUM_CONVERSION = YES;
				CLANG_WARN_INFINITE_RECURSION = YES;
				CLANG_WARN_INT_CONVERSION = YES;
				CLANG_WARN_NON_LITERAL_NULL_CONVERSION = YES;
				CLANG_WARN_OBJC_IMPLICIT_RETAIN_SELF = YES;
				CLANG_WARN_OBJC_LITERAL_CONVERSION = YES;
				CLANG_WARN_OBJC_ROOT_CLASS = YES_ERROR;
				CLANG_WARN_RANGE_LOOP_ANALYSIS = YES;
				CLANG_WARN_STRICT_PROTOTYPES = YES;
				CLANG_WARN_SUSPICIOUS_MOVE = YES;
				CLANG_WARN_UNGUARDED_AVAILABILITY = YES_AGGRESSIVE;
				CLANG_WARN_UNREACHABLE_CODE = YES;
				CLANG_WARN__DUPLICATE_METHOD_MATCH = YES;
				CODE_SIGN_IDENTITY = "iPhone Developer";
				COPY_PHASE_STRIP = NO;
				DEBUG_INFORMATION_FORMAT = "dwarf-with-dsym";
				ENABLE_NS_ASSERTIONS = NO;
				ENABLE_STRICT_OBJC_MSGSEND = YES;
				GCC_C_LANGUAGE_STANDARD = gnu11;
				GCC_NO_COMMON_BLOCKS = YES;
				GCC_WARN_64_TO_32_BIT_CONVERSION = YES;
				GCC_WARN_ABOUT_RETURN_TYPE = YES_ERROR;
				GCC_WARN_UNDECLARED_SELECTOR = YES;
				GCC_WARN_UNINITIALIZED_AUTOS = YES_AGGRESSIVE;
				GCC_WARN_UNUSED_FUNCTION = YES;
				GCC_WARN_UNUSED_VARIABLE = YES;
				IPHONEOS_DEPLOYMENT_TARGET = 12.2;
				MTL_ENABLE_DEBUG_INFO = NO;
				MTL_FAST_MATH = YES;
				SDKROOT = iphoneos;
				VALIDATE_PRODUCT = YES;
			};
			name = Release;
		};
		20F344FB22D4F0AB003D7C05 /* Debug */ = {
			isa = XCBuildConfiguration;
			buildSettings = {
				ASSETCATALOG_COMPILER_APPICON_NAME = AppIcon;
				CODE_SIGN_STYLE = Automatic;
				DEVELOPMENT_TEAM = 56MY3ZN5V7;
				INFOPLIST_FILE = Tutorial04/Info.plist;
				IPHONEOS_DEPLOYMENT_TARGET = 10.0;
				LD_RUNPATH_SEARCH_PATHS = (
					"$(inherited)",
					"@executable_path/Frameworks",
				);
				PRODUCT_BUNDLE_IDENTIFIER = com.uusafe.Tutorial04;
				PRODUCT_NAME = "$(TARGET_NAME)";
				TARGETED_DEVICE_FAMILY = "1,2";
			};
			name = Debug;
		};
		20F344FC22D4F0AB003D7C05 /* Release */ = {
			isa = XCBuildConfiguration;
			buildSettings = {
				ASSETCATALOG_COMPILER_APPICON_NAME = AppIcon;
				CODE_SIGN_STYLE = Automatic;
				DEVELOPMENT_TEAM = 56MY3ZN5V7;
				INFOPLIST_FILE = Tutorial04/Info.plist;
				IPHONEOS_DEPLOYMENT_TARGET = 10.0;
				LD_RUNPATH_SEARCH_PATHS = (
					"$(inherited)",
					"@executable_path/Frameworks",
				);
				PRODUCT_BUNDLE_IDENTIFIER = com.uusafe.Tutorial04;
				PRODUCT_NAME = "$(TARGET_NAME)";
				TARGETED_DEVICE_FAMILY = "1,2";
			};
			name = Release;
		};
		20F344FE22D4F0AB003D7C05 /* Debug */ = {
			isa = XCBuildConfiguration;
			buildSettings = {
				BUNDLE_LOADER = "$(TEST_HOST)";
				CODE_SIGN_STYLE = Automatic;
				DEVELOPMENT_TEAM = 56MY3ZN5V7;
				INFOPLIST_FILE = Tutorial04Tests/Info.plist;
				LD_RUNPATH_SEARCH_PATHS = (
					"$(inherited)",
					"@executable_path/Frameworks",
					"@loader_path/Frameworks",
				);
				PRODUCT_BUNDLE_IDENTIFIER = com.uusafe.Tutorial04Tests;
				PRODUCT_NAME = "$(TARGET_NAME)";
				TARGETED_DEVICE_FAMILY = "1,2";
				TEST_HOST = "$(BUILT_PRODUCTS_DIR)/Tutorial04.app/Tutorial04";
			};
			name = Debug;
		};
		20F344FF22D4F0AB003D7C05 /* Release */ = {
			isa = XCBuildConfiguration;
			buildSettings = {
				BUNDLE_LOADER = "$(TEST_HOST)";
				CODE_SIGN_STYLE = Automatic;
				DEVELOPMENT_TEAM = 56MY3ZN5V7;
				INFOPLIST_FILE = Tutorial04Tests/Info.plist;
				LD_RUNPATH_SEARCH_PATHS = (
					"$(inherited)",
					"@executable_path/Frameworks",
					"@loader_path/Frameworks",
				);
				PRODUCT_BUNDLE_IDENTIFIER = com.uusafe.Tutorial04Tests;
				PRODUCT_NAME = "$(TARGET_NAME)";
				TARGETED_DEVICE_FAMILY = "1,2";
				TEST_HOST = "$(BUILT_PRODUCTS_DIR)/Tutorial04.app/Tutorial04";
			};
			name = Release;
		};
		20F3450122D4F0AB003D7C05 /* Debug */ = {
			isa = XCBuildConfiguration;
			buildSettings = {
				CODE_SIGN_STYLE = Automatic;
				DEVELOPMENT_TEAM = 56MY3ZN5V7;
				INFOPLIST_FILE = Tutorial04UITests/Info.plist;
				LD_RUNPATH_SEARCH_PATHS = (
					"$(inherited)",
					"@executable_path/Frameworks",
					"@loader_path/Frameworks",
				);
				PRODUCT_BUNDLE_IDENTIFIER = com.uusafe.Tutorial04UITests;
				PRODUCT_NAME = "$(TARGET_NAME)";
				TARGETED_DEVICE_FAMILY = "1,2";
				TEST_TARGET_NAME = Tutorial04;
			};
			name = Debug;
		};
		20F3450222D4F0AB003D7C05 /* Release */ = {
			isa = XCBuildConfiguration;
			buildSettings = {
				CODE_SIGN_STYLE = Automatic;
				DEVELOPMENT_TEAM = 56MY3ZN5V7;
				INFOPLIST_FILE = Tutorial04UITests/Info.plist;
				LD_RUNPATH_SEARCH_PATHS = (
					"$(inherited)",
					"@executable_path/Frameworks",
					"@loader_path/Frameworks",
				);
				PRODUCT_BUNDLE_IDENTIFIER = com.uusafe.Tutorial04UITests;
				PRODUCT_NAME = "$(TARGET_NAME)";
				TARGETED_DEVICE_FAMILY = "1,2";
				TEST_TARGET_NAME = Tutorial04;
			};
			name = Release;
		};
/* End XCBuildConfiguration section */

/* Begin XCConfigurationList section */
		20F344C922D4F0A9003D7C05 /* Build configuration list for PBXProject "Tutorial04" */ = {
			isa = XCConfigurationList;
			buildConfigurations = (
				20F344F822D4F0AB003D7C05 /* Debug */,
				20F344F922D4F0AB003D7C05 /* Release */,
			);
			defaultConfigurationIsVisible = 0;
			defaultConfigurationName = Release;
		};
		20F344FA22D4F0AB003D7C05 /* Build configuration list for PBXNativeTarget "Tutorial04" */ = {
			isa = XCConfigurationList;
			buildConfigurations = (
				20F344FB22D4F0AB003D7C05 /* Debug */,
				20F344FC22D4F0AB003D7C05 /* Release */,
			);
			defaultConfigurationIsVisible = 0;
			defaultConfigurationName = Release;
		};
		20F344FD22D4F0AB003D7C05 /* Build configuration list for PBXNativeTarget "Tutorial04Tests" */ = {
			isa = XCConfigurationList;
			buildConfigurations = (
				20F344FE22D4F0AB003D7C05 /* Debug */,
				20F344FF22D4F0AB003D7C05 /* Release */,
			);
			defaultConfigurationIsVisible = 0;
			defaultConfigurationName = Release;
		};
		20F3450022D4F0AB003D7C05 /* Build configuration list for PBXNativeTarget "Tutorial04UITests" */ = {
			isa = XCConfigurationList;
			buildConfigurations = (
				20F3450122D4F0AB003D7C05 /* Debug */,
				20F3450222D4F0AB003D7C05 /* Release */,
			);
			defaultConfigurationIsVisible = 0;
			defaultConfigurationName = Release;
		};
/* End XCConfigurationList section */
	};
	rootObject = 20F344C622D4F0A9003D7C05 /* Project object */;
}
